
Microsoft Visual Studio Solution File, Format Version 12.00
# Visual Studio Version 16
VisualStudioVersion = 16.0.31702.278
MinimumVisualStudioVersion = 10.0.40219.1
Project("{FAE04EC0-301F-11D3-BF4B-00C04F79EFBC}") = "RiderPractice", "RiderPractice\RiderPractice.csproj", "{FF3D97FB-E89A-4C2D-B293-C709A7B01F6E}"
EndProject
Global
	GlobalSection(SolutionConfigurationPlatforms) = preSolution
		Debug|Any CPU = Debug|Any CPU
		Release|Any CPU = Release|Any CPU
	EndGlobalSection
	GlobalSection(ProjectConfigurationPlatforms) = postSolution
		{FF3D97FB-E89A-4C2D-B293-C709A7B01F6E}.Debug|Any CPU.ActiveCfg = Debug|Any CPU
		{FF3D97FB-E89A-4C2D-B293-C709A7B01F6E}.Debug|Any CPU.Build.0 = Debug|Any CPU
		{FF3D97FB-E89A-4C2D-B293-C709A7B01F6E}.Release|Any CPU.ActiveCfg = Release|Any CPU
		{FF3D97FB-E89A-4C2D-B293-C709A7B01F6E}.Release|Any CPU.Build.0 = Release|Any CPU
	EndGlobalSection
	GlobalSection(SolutionProperties) = preSolution
		HideSolutionNode = FALSE
	EndGlobalSection
	GlobalSection(ExtensibilityGlobals) = postSolution
		SolutionGuid = {17546001-A72B-4B6E-9B40-B3A80281F589}
	EndGlobalSection
EndGlobal
